
Microsoft Visual Studio Solution File, Format Version 12.00
# Visual Studio 2013
VisualStudioVersion = 12.0.20617.1 PREVIEW
MinimumVisualStudioVersion = 10.0.40219.1
Project("{FAE04EC0-301F-11D3-BF4B-00C04F79EFBC}") = "RobotController", "RobotController\RobotController.csproj", "{14B4681A-6AC1-4274-ADA5-EFAC1B0FE155}"
EndProject
Project("{FAE04EC0-301F-11D3-BF4B-00C04F79EFBC}") = "PluginSystem", "PluginSystem\PluginSystem.csproj", "{8E92DEFC-F2C8-499B-8E68-C23CA32C60B6}"
EndProject
Project("{FAE04EC0-301F-11D3-BF4B-00C04F79EFBC}") = "RBcClient", "RBcClient\RBcClient.csproj", "{FFC9CA00-7191-46E0-AC78-42999F40B743}"
EndProject
Global
	GlobalSection(SolutionConfigurationPlatforms) = preSolution
		Debug|Any CPU = Debug|Any CPU
		Release|Any CPU = Release|Any CPU
	EndGlobalSection
	GlobalSection(ProjectConfigurationPlatforms) = postSolution
		{14B4681A-6AC1-4274-ADA5-EFAC1B0FE155}.Debug|Any CPU.ActiveCfg = Debug|Any CPU
		{14B4681A-6AC1-4274-ADA5-EFAC1B0FE155}.Debug|Any CPU.Build.0 = Debug|Any CPU
		{14B4681A-6AC1-4274-ADA5-EFAC1B0FE155}.Release|Any CPU.ActiveCfg = Release|Any CPU
		{14B4681A-6AC1-4274-ADA5-EFAC1B0FE155}.Release|Any CPU.Build.0 = Release|Any CPU
		{8E92DEFC-F2C8-499B-8E68-C23CA32C60B6}.Debug|Any CPU.ActiveCfg = Debug|Any CPU
		{8E92DEFC-F2C8-499B-8E68-C23CA32C60B6}.Debug|Any CPU.Build.0 = Debug|Any CPU
		{8E92DEFC-F2C8-499B-8E68-C23CA32C60B6}.Release|Any CPU.ActiveCfg = Release|Any CPU
		{8E92DEFC-F2C8-499B-8E68-C23CA32C60B6}.Release|Any CPU.Build.0 = Release|Any CPU
		{FFC9CA00-7191-46E0-AC78-42999F40B743}.Debug|Any CPU.ActiveCfg = Debug|Any CPU
		{FFC9CA00-7191-46E0-AC78-42999F40B743}.Debug|Any CPU.Build.0 = Debug|Any CPU
		{FFC9CA00-7191-46E0-AC78-42999F40B743}.Release|Any CPU.ActiveCfg = Release|Any CPU
		{FFC9CA00-7191-46E0-AC78-42999F40B743}.Release|Any CPU.Build.0 = Release|Any CPU
	EndGlobalSection
	GlobalSection(SolutionProperties) = preSolution
		HideSolutionNode = FALSE
	EndGlobalSection
EndGlobal
